
Microsoft Visual Studio Solution File, Format Version 12.00
# Visual Studio Version 16
VisualStudioVersion = 16.0.30804.86
MinimumVisualStudioVersion = 10.0.40219.1
Project("{9A19103F-16F7-4668-BE54-9A1E7A4F7556}") = "OpenXComEdit", "OpenXComEdit\OpenXComEdit.csproj", "{83F2953B-150B-427C-B412-B3D094652B24}"
EndProject
Global
	GlobalSection(SolutionConfigurationPlatforms) = preSolution
		Debug|Any CPU = Debug|Any CPU
		Debug|x64 = Debug|x64
		Release|Any CPU = Release|Any CPU
		Release|x64 = Release|x64
	EndGlobalSection
	GlobalSection(ProjectConfigurationPlatforms) = postSolution
		{83F2953B-150B-427C-B412-B3D094652B24}.Debug|Any CPU.ActiveCfg = Debug|Any CPU
		{83F2953B-150B-427C-B412-B3D094652B24}.Debug|Any CPU.Build.0 = Debug|Any CPU
		{83F2953B-150B-427C-B412-B3D094652B24}.Debug|x64.ActiveCfg = Debug|x64
		{83F2953B-150B-427C-B412-B3D094652B24}.Debug|x64.Build.0 = Debug|x64
		{83F2953B-150B-427C-B412-B3D094652B24}.Release|Any CPU.ActiveCfg = Release|Any CPU
		{83F2953B-150B-427C-B412-B3D094652B24}.Release|Any CPU.Build.0 = Release|Any CPU
		{83F2953B-150B-427C-B412-B3D094652B24}.Release|x64.ActiveCfg = Release|x64
		{83F2953B-150B-427C-B412-B3D094652B24}.Release|x64.Build.0 = Release|x64
	EndGlobalSection
	GlobalSection(SolutionProperties) = preSolution
		HideSolutionNode = FALSE
	EndGlobalSection
	GlobalSection(ExtensibilityGlobals) = postSolution
		SolutionGuid = {9DE6978B-7460-4B57-A32D-461D9437E167}
	EndGlobalSection
EndGlobal
